{
    "version": 3,
    "terraform_version": "0.11.8",
    "serial": 5,
    "lineage": "62e05a71-399d-83b1-b514-d1776a5ce6be",
    "modules": [
        {
            "path": [
                "root"
            ],
            "outputs": {},
            "resources": {},
            "depends_on": []
        },
        {
            "path": [
                "root",
                "mgmt_environment"
            ],
            "outputs": {},
            "resources": {
                "azurerm_resource_group.tf_mgmt": {
                    "type": "azurerm_resource_group",
                    "depends_on": [],
                    "primary": {
                        "id": "/subscriptions/8d7951f6-ff12-4e36-822b-cdba7dca0469/resourceGroups/tf_state",
                        "attributes": {
                            "id": "/subscriptions/8d7951f6-ff12-4e36-822b-cdba7dca0469/resourceGroups/tf_state",
                            "location": "westeurope",
                            "name": "tf_state",
                            "tags.%": "0"
                        },
                        "meta": {},
                        "tainted": false
                    },
                    "deposed": [],
                    "provider": "provider.azurerm"
                },
                "azurerm_storage_account.statefiles": {
                    "type": "azurerm_storage_account",
                    "depends_on": [
                        "azurerm_resource_group.tf_mgmt",
                        "random_id.state_storage"
                    ],
                    "primary": {
                        "id": "/subscriptions/8d7951f6-ff12-4e36-822b-cdba7dca0469/resourceGroups/tf_state/providers/Microsoft.Storage/storageAccounts/state4b5a89fdbaa744bd",
                        "attributes": {
                            "access_tier": "",
                            "account_encryption_source": "Microsoft.Storage",
                            "account_kind": "Storage",
                            "account_replication_type": "LRS",
                            "account_tier": "Standard",
                            "account_type": "Standard_LRS",
                            "enable_blob_encryption": "true",
                            "enable_file_encryption": "true",
                            "enable_https_traffic_only": "false",
                            "id": "/subscriptions/8d7951f6-ff12-4e36-822b-cdba7dca0469/resourceGroups/tf_state/providers/Microsoft.Storage/storageAccounts/state4b5a89fdbaa744bd",
                            "identity.#": "0",
                            "location": "westeurope",
                            "name": "state4b5a89fdbaa744bd",
                            "network_rules.#": "0",
                            "primary_access_key": "DufaNXR1tNZebzCVo35s1AvJuiykM9y0uRn7zM53OxiK3pN6tjl2Wbler6qQsoMyEmDS1braI2crs9goOKFJCg==",
                            "primary_blob_connection_string": "DefaultEndpointsProtocol=https;BlobEndpoint=https://state4b5a89fdbaa744bd.blob.core.windows.net/;AccountName=state4b5a89fdbaa744bd;AccountKey=DufaNXR1tNZebzCVo35s1AvJuiykM9y0uRn7zM53OxiK3pN6tjl2Wbler6qQsoMyEmDS1braI2crs9goOKFJCg==",
                            "primary_blob_endpoint": "https://state4b5a89fdbaa744bd.blob.core.windows.net/",
                            "primary_connection_string": "DefaultEndpointsProtocol=https;AccountName=state4b5a89fdbaa744bd;AccountKey=DufaNXR1tNZebzCVo35s1AvJuiykM9y0uRn7zM53OxiK3pN6tjl2Wbler6qQsoMyEmDS1braI2crs9goOKFJCg==;EndpointSuffix=core.windows.net",
                            "primary_file_endpoint": "https://state4b5a89fdbaa744bd.file.core.windows.net/",
                            "primary_location": "westeurope",
                            "primary_queue_endpoint": "https://state4b5a89fdbaa744bd.queue.core.windows.net/",
                            "primary_table_endpoint": "https://state4b5a89fdbaa744bd.table.core.windows.net/",
                            "resource_group_name": "tf_state",
                            "secondary_access_key": "GaEyxuPLFTHZUH0AYQCfzo/9vNim9oe9uMsGBIgusBBUQACLaQDB4KkP3b50OA2enpVofClnz/X6kcGQeOY1CA==",
                            "secondary_connection_string": "DefaultEndpointsProtocol=https;AccountName=state4b5a89fdbaa744bd;AccountKey=GaEyxuPLFTHZUH0AYQCfzo/9vNim9oe9uMsGBIgusBBUQACLaQDB4KkP3b50OA2enpVofClnz/X6kcGQeOY1CA==;EndpointSuffix=core.windows.net",
                            "secondary_location": "",
                            "tags.%": "0"
                        },
                        "meta": {
                            "schema_version": "2"
                        },
                        "tainted": false
                    },
                    "deposed": [],
                    "provider": "provider.azurerm"
                },
                "random_id.state_storage": {
                    "type": "random_id",
                    "depends_on": [],
                    "primary": {
                        "id": "S1qJ_bqnRL0",
                        "attributes": {
                            "b64": "S1qJ_bqnRL0",
                            "b64_std": "S1qJ/bqnRL0=",
                            "b64_url": "S1qJ_bqnRL0",
                            "byte_length": "8",
                            "dec": "5429804023599809725",
                            "hex": "4b5a89fdbaa744bd",
                            "id": "S1qJ_bqnRL0"
                        },
                        "meta": {},
                        "tainted": false
                    },
                    "deposed": [],
                    "provider": "provider.random"
                }
            },
            "depends_on": []
        }
    ]
}
